// !$*UTF8*$!
{
	archiveVersion = 1;
	classes = {
	};
	objectVersion = 50;
	objects = {

/* Begin PBXBuildFile section */
		7F0635D92444A1B6000D8B6F /* color.txt in Resources */ = {isa = PBXBuildFile; fileRef = 7F0635D82444A1B6000D8B6F /* color.txt */; };
		7F192D36244370EB0057251A /* RecogniseView.swift in Sources */ = {isa = PBXBuildFile; fileRef = 7F192D35244370EB0057251A /* RecogniseView.swift */; };
		7F192D382443ADD90057251A /* MenuCardView.swift in Sources */ = {isa = PBXBuildFile; fileRef = 7F192D372443ADD90057251A /* MenuCardView.swift */; };
		7FB3B9AB243DD5C600046CD6 /* AppDelegate.swift in Sources */ = {isa = PBXBuildFile; fileRef = 7FB3B9AA243DD5C600046CD6 /* AppDelegate.swift */; };
		7FB3B9AD243DD5C600046CD6 /* SceneDelegate.swift in Sources */ = {isa = PBXBuildFile; fileRef = 7FB3B9AC243DD5C600046CD6 /* SceneDelegate.swift */; };
		7FB3B9B0243DD5C600046CD6 /* fourColor.xcdatamodeld in Sources */ = {isa = PBXBuildFile; fileRef = 7FB3B9AE243DD5C600046CD6 /* fourColor.xcdatamodeld */; };
		7FB3B9B2243DD5C600046CD6 /* ContentView.swift in Sources */ = {isa = PBXBuildFile; fileRef = 7FB3B9B1243DD5C600046CD6 /* ContentView.swift */; };
		7FB3B9B4243DD5CB00046CD6 /* Assets.xcassets in Resources */ = {isa = PBXBuildFile; fileRef = 7FB3B9B3243DD5CB00046CD6 /* Assets.xcassets */; };
		7FB3B9B7243DD5CB00046CD6 /* Preview Assets.xcassets in Resources */ = {isa = PBXBuildFile; fileRef = 7FB3B9B6243DD5CB00046CD6 /* Preview Assets.xcassets */; };
		7FB3B9BA243DD5CB00046CD6 /* LaunchScreen.storyboard in Resources */ = {isa = PBXBuildFile; fileRef = 7FB3B9B8243DD5CB00046CD6 /* LaunchScreen.storyboard */; };
		7FB3B9C5243DD5CB00046CD6 /* fourColorTests.swift in Sources */ = {isa = PBXBuildFile; fileRef = 7FB3B9C4243DD5CB00046CD6 /* fourColorTests.swift */; };
		7FB3B9D0243DD5CB00046CD6 /* fourColorUITests.swift in Sources */ = {isa = PBXBuildFile; fileRef = 7FB3B9CF243DD5CB00046CD6 /* fourColorUITests.swift */; };
		7FB3B9DE243DEAC300046CD6 /* Defect.swift in Sources */ = {isa = PBXBuildFile; fileRef = 7FB3B9DD243DEAC300046CD6 /* Defect.swift */; };
/* End PBXBuildFile section */

/* Begin PBXContainerItemProxy section */
		7FB3B9C1243DD5CB00046CD6 /* PBXContainerItemProxy */ = {
			isa = PBXContainerItemProxy;
			containerPortal = 7FB3B99F243DD5C600046CD6 /* Project object */;
			proxyType = 1;
			remoteGlobalIDString = 7FB3B9A6243DD5C600046CD6;
			remoteInfo = fourColor;
		};
		7FB3B9CC243DD5CB00046CD6 /* PBXContainerItemProxy */ = {
			isa = PBXContainerItemProxy;
			containerPortal = 7FB3B99F243DD5C600046CD6 /* Project object */;
			proxyType = 1;
			remoteGlobalIDString = 7FB3B9A6243DD5C600046CD6;
			remoteInfo = fourColor;
		};
/* End PBXContainerItemProxy section */

/* Begin PBXFileReference section */
		7F0635D82444A1B6000D8B6F /* color.txt */ = {isa = PBXFileReference; fileEncoding = 4; lastKnownFileType = text; path = color.txt; sourceTree = "<group>"; };
		7F192D35244370EB0057251A /* RecogniseView.swift */ = {isa = PBXFileReference; lastKnownFileType = sourcecode.swift; path = RecogniseView.swift; sourceTree = "<group>"; };
		7F192D372443ADD90057251A /* MenuCardView.swift */ = {isa = PBXFileReference; lastKnownFileType = sourcecode.swift; path = MenuCardView.swift; sourceTree = "<group>"; };
		7FB3B9A7243DD5C600046CD6 /* fourColor.app */ = {isa = PBXFileReference; explicitFileType = wrapper.application; includeInIndex = 0; path = fourColor.app; sourceTree = BUILT_PRODUCTS_DIR; };
		7FB3B9AA243DD5C600046CD6 /* AppDelegate.swift */ = {isa = PBXFileReference; lastKnownFileType = sourcecode.swift; path = AppDelegate.swift; sourceTree = "<group>"; };
		7FB3B9AC243DD5C600046CD6 /* SceneDelegate.swift */ = {isa = PBXFileReference; lastKnownFileType = sourcecode.swift; path = SceneDelegate.swift; sourceTree = "<group>"; };
		7FB3B9AF243DD5C600046CD6 /* fourColor.xcdatamodel */ = {isa = PBXFileReference; lastKnownFileType = wrapper.xcdatamodel; path = fourColor.xcdatamodel; sourceTree = "<group>"; };
		7FB3B9B1243DD5C600046CD6 /* ContentView.swift */ = {isa = PBXFileReference; lastKnownFileType = sourcecode.swift; path = ContentView.swift; sourceTree = "<group>"; };
		7FB3B9B3243DD5CB00046CD6 /* Assets.xcassets */ = {isa = PBXFileReference; lastKnownFileType = folder.assetcatalog; path = Assets.xcassets; sourceTree = "<group>"; };
		7FB3B9B6243DD5CB00046CD6 /* Preview Assets.xcassets */ = {isa = PBXFileReference; lastKnownFileType = folder.assetcatalog; path = "Preview Assets.xcassets"; sourceTree = "<group>"; };
		7FB3B9B9243DD5CB00046CD6 /* Base */ = {isa = PBXFileReference; lastKnownFileType = file.storyboard; name = Base; path = Base.lproj/LaunchScreen.storyboard; sourceTree = "<group>"; };
		7FB3B9BB243DD5CB00046CD6 /* Info.plist */ = {isa = PBXFileReference; lastKnownFileType = text.plist.xml; path = Info.plist; sourceTree = "<group>"; };
		7FB3B9C0243DD5CB00046CD6 /* fourColorTests.xctest */ = {isa = PBXFileReference; explicitFileType = wrapper.cfbundle; includeInIndex = 0; path = fourColorTests.xctest; sourceTree = BUILT_PRODUCTS_DIR; };
		7FB3B9C4243DD5CB00046CD6 /* fourColorTests.swift */ = {isa = PBXFileReference; lastKnownFileType = sourcecode.swift; path = fourColorTests.swift; sourceTree = "<group>"; };
		7FB3B9C6243DD5CB00046CD6 /* Info.plist */ = {isa = PBXFileReference; lastKnownFileType = text.plist.xml; path = Info.plist; sourceTree = "<group>"; };
		7FB3B9CB243DD5CB00046CD6 /* fourColorUITests.xctest */ = {isa = PBXFileReference; explicitFileType = wrapper.cfbundle; includeInIndex = 0; path = fourColorUITests.xctest; sourceTree = BUILT_PRODUCTS_DIR; };
		7FB3B9CF243DD5CB00046CD6 /* fourColorUITests.swift */ = {isa = PBXFileReference; lastKnownFileType = sourcecode.swift; path = fourColorUITests.swift; sourceTree = "<group>"; };
		7FB3B9D1243DD5CB00046CD6 /* Info.plist */ = {isa = PBXFileReference; lastKnownFileType = text.plist.xml; path = Info.plist; sourceTree = "<group>"; };
		7FB3B9DD243DEAC300046CD6 /* Defect.swift */ = {isa = PBXFileReference; lastKnownFileType = sourcecode.swift; path = Defect.swift; sourceTree = "<group>"; };
/* End PBXFileReference section */

/* Begin PBXFrameworksBuildPhase section */
		7FB3B9A4243DD5C600046CD6 /* Frameworks */ = {
			isa = PBXFrameworksBuildPhase;
			buildActionMask = 2147483647;
			files = (
			);
			runOnlyForDeploymentPostprocessing = 0;
		};
		7FB3B9BD243DD5CB00046CD6 /* Frameworks */ = {
			isa = PBXFrameworksBuildPhase;
			buildActionMask = 2147483647;
			files = (
			);
			runOnlyForDeploymentPostprocessing = 0;
		};
		7FB3B9C8243DD5CB00046CD6 /* Frameworks */ = {
			isa = PBXFrameworksBuildPhase;
			buildActionMask = 2147483647;
			files = (
			);
			runOnlyForDeploymentPostprocessing = 0;
		};
/* End PBXFrameworksBuildPhase section */

/* Begin PBXGroup section */
		7FB3B99E243DD5C600046CD6 = {
			isa = PBXGroup;
			children = (
				7FB3B9A9243DD5C600046CD6 /* fourColor */,
				7FB3B9C3243DD5CB00046CD6 /* fourColorTests */,
				7FB3B9CE243DD5CB00046CD6 /* fourColorUITests */,
				7FB3B9A8243DD5C600046CD6 /* Products */,
			);
			sourceTree = "<group>";
		};
		7FB3B9A8243DD5C600046CD6 /* Products */ = {
			isa = PBXGroup;
			children = (
				7FB3B9A7243DD5C600046CD6 /* fourColor.app */,
				7FB3B9C0243DD5CB00046CD6 /* fourColorTests.xctest */,
				7FB3B9CB243DD5CB00046CD6 /* fourColorUITests.xctest */,
			);
			name = Products;
			sourceTree = "<group>";
		};
		7FB3B9A9243DD5C600046CD6 /* fourColor */ = {
			isa = PBXGroup;
			children = (
				7F0635D82444A1B6000D8B6F /* color.txt */,
				7FB3B9AA243DD5C600046CD6 /* AppDelegate.swift */,
				7FB3B9AC243DD5C600046CD6 /* SceneDelegate.swift */,
				7FB3B9B1243DD5C600046CD6 /* ContentView.swift */,
				7FB3B9B3243DD5CB00046CD6 /* Assets.xcassets */,
				7FB3B9B8243DD5CB00046CD6 /* LaunchScreen.storyboard */,
				7FB3B9BB243DD5CB00046CD6 /* Info.plist */,
				7FB3B9AE243DD5C600046CD6 /* fourColor.xcdatamodeld */,
				7FB3B9B5243DD5CB00046CD6 /* Preview Content */,
				7FB3B9DD243DEAC300046CD6 /* Defect.swift */,
				7F192D35244370EB0057251A /* RecogniseView.swift */,
				7F192D372443ADD90057251A /* MenuCardView.swift */,
			);
			path = fourColor;
			sourceTree = "<group>";
		};
		7FB3B9B5243DD5CB00046CD6 /* Preview Content */ = {
			isa = PBXGroup;
			children = (
				7FB3B9B6243DD5CB00046CD6 /* Preview Assets.xcassets */,
			);
			path = "Preview Content";
			sourceTree = "<group>";
		};
		7FB3B9C3243DD5CB00046CD6 /* fourColorTests */ = {
			isa = PBXGroup;
			children = (
				7FB3B9C4243DD5CB00046CD6 /* fourColorTests.swift */,
				7FB3B9C6243DD5CB00046CD6 /* Info.plist */,
			);
			path = fourColorTests;
			sourceTree = "<group>";
		};
		7FB3B9CE243DD5CB00046CD6 /* fourColorUITests */ = {
			isa = PBXGroup;
			children = (
				7FB3B9CF243DD5CB00046CD6 /* fourColorUITests.swift */,
				7FB3B9D1243DD5CB00046CD6 /* Info.plist */,
			);
			path = fourColorUITests;
			sourceTree = "<group>";
		};
/* End PBXGroup section */

/* Begin PBXNativeTarget section */
		7FB3B9A6243DD5C600046CD6 /* fourColor */ = {
			isa = PBXNativeTarget;
			buildConfigurationList = 7FB3B9D4243DD5CB00046CD6 /* Build configuration list for PBXNativeTarget "fourColor" */;
			buildPhases = (
				7FB3B9A3243DD5C600046CD6 /* Sources */,
				7FB3B9A4243DD5C600046CD6 /* Frameworks */,
				7FB3B9A5243DD5C600046CD6 /* Resources */,
			);
			buildRules = (
			);
			dependencies = (
			);
			name = fourColor;
			productName = fourColor;
			productReference = 7FB3B9A7243DD5C600046CD6 /* fourColor.app */;
			productType = "com.apple.product-type.application";
		};
		7FB3B9BF243DD5CB00046CD6 /* fourColorTests */ = {
			isa = PBXNativeTarget;
			buildConfigurationList = 7FB3B9D7243DD5CB00046CD6 /* Build configuration list for PBXNativeTarget "fourColorTests" */;
			buildPhases = (
				7FB3B9BC243DD5CB00046CD6 /* Sources */,
				7FB3B9BD243DD5CB00046CD6 /* Frameworks */,
				7FB3B9BE243DD5CB00046CD6 /* Resources */,
			);
			buildRules = (
			);
			dependencies = (
				7FB3B9C2243DD5CB00046CD6 /* PBXTargetDependency */,
			);
			name = fourColorTests;
			productName = fourColorTests;
			productReference = 7FB3B9C0243DD5CB00046CD6 /* fourColorTests.xctest */;
			productType = "com.apple.product-type.bundle.unit-test";
		};
		7FB3B9CA243DD5CB00046CD6 /* fourColorUITests */ = {
			isa = PBXNativeTarget;
			buildConfigurationList = 7FB3B9DA243DD5CB00046CD6 /* Build configuration list for PBXNativeTarget "fourColorUITests" */;
			buildPhases = (
				7FB3B9C7243DD5CB00046CD6 /* Sources */,
				7FB3B9C8243DD5CB00046CD6 /* Frameworks */,
				7FB3B9C9243DD5CB00046CD6 /* Resources */,
			);
			buildRules = (
			);
			dependencies = (
				7FB3B9CD243DD5CB00046CD6 /* PBXTargetDependency */,
			);
			name = fourColorUITests;
			productName = fourColorUITests;
			productReference = 7FB3B9CB243DD5CB00046CD6 /* fourColorUITests.xctest */;
			productType = "com.apple.product-type.bundle.ui-testing";
		};
/* End PBXNativeTarget section */

/* Begin PBXProject section */
		7FB3B99F243DD5C600046CD6 /* Project object */ = {
			isa = PBXProject;
			attributes = {
				LastSwiftUpdateCheck = 1140;
				LastUpgradeCheck = 1140;
				ORGANIZATIONNAME = "Natalia Wcisło";
				TargetAttributes = {
					7FB3B9A6243DD5C600046CD6 = {
						CreatedOnToolsVersion = 11.4;
					};
					7FB3B9BF243DD5CB00046CD6 = {
						CreatedOnToolsVersion = 11.4;
						TestTargetID = 7FB3B9A6243DD5C600046CD6;
					};
					7FB3B9CA243DD5CB00046CD6 = {
						CreatedOnToolsVersion = 11.4;
						TestTargetID = 7FB3B9A6243DD5C600046CD6;
					};
				};
			};
			buildConfigurationList = 7FB3B9A2243DD5C600046CD6 /* Build configuration list for PBXProject "fourColor" */;
			compatibilityVersion = "Xcode 9.3";
			developmentRegion = en;
			hasScannedForEncodings = 0;
			knownRegions = (
				en,
				Base,
			);
			mainGroup = 7FB3B99E243DD5C600046CD6;
			productRefGroup = 7FB3B9A8243DD5C600046CD6 /* Products */;
			projectDirPath = "";
			projectRoot = "";
			targets = (
				7FB3B9A6243DD5C600046CD6 /* fourColor */,
				7FB3B9BF243DD5CB00046CD6 /* fourColorTests */,
				7FB3B9CA243DD5CB00046CD6 /* fourColorUITests */,
			);
		};
/* End PBXProject section */

/* Begin PBXResourcesBuildPhase section */
		7FB3B9A5243DD5C600046CD6 /* Resources */ = {
			isa = PBXResourcesBuildPhase;
			buildActionMask = 2147483647;
			files = (
				7FB3B9BA243DD5CB00046CD6 /* LaunchScreen.storyboard in Resources */,
				7FB3B9B7243DD5CB00046CD6 /* Preview Assets.xcassets in Resources */,
				7F0635D92444A1B6000D8B6F /* color.txt in Resources */,
				7FB3B9B4243DD5CB00046CD6 /* Assets.xcassets in Resources */,
			);
			runOnlyForDeploymentPostprocessing = 0;
		};
		7FB3B9BE243DD5CB00046CD6 /* Resources */ = {
			isa = PBXResourcesBuildPhase;
			buildActionMask = 2147483647;
			files = (
			);
			runOnlyForDeploymentPostprocessing = 0;
		};
		7FB3B9C9243DD5CB00046CD6 /* Resources */ = {
			isa = PBXResourcesBuildPhase;
			buildActionMask = 2147483647;
			files = (
			);
			runOnlyForDeploymentPostprocessing = 0;
		};
/* End PBXResourcesBuildPhase section */

/* Begin PBXSourcesBuildPhase section */
		7FB3B9A3243DD5C600046CD6 /* Sources */ = {
			isa = PBXSourcesBuildPhase;
			buildActionMask = 2147483647;
			files = (
				7FB3B9DE243DEAC300046CD6 /* Defect.swift in Sources */,
				7FB3B9AB243DD5C600046CD6 /* AppDelegate.swift in Sources */,
				7FB3B9AD243DD5C600046CD6 /* SceneDelegate.swift in Sources */,
				7F192D36244370EB0057251A /* RecogniseView.swift in Sources */,
				7FB3B9B2243DD5C600046CD6 /* ContentView.swift in Sources */,
				7FB3B9B0243DD5C600046CD6 /* fourColor.xcdatamodeld in Sources */,
				7F192D382443ADD90057251A /* MenuCardView.swift in Sources */,
			);
			runOnlyForDeploymentPostprocessing = 0;
		};
		7FB3B9BC243DD5CB00046CD6 /* Sources */ = {
			isa = PBXSourcesBuildPhase;
			buildActionMask = 2147483647;
			files = (
				7FB3B9C5243DD5CB00046CD6 /* fourColorTests.swift in Sources */,
			);
			runOnlyForDeploymentPostprocessing = 0;
		};
		7FB3B9C7243DD5CB00046CD6 /* Sources */ = {
			isa = PBXSourcesBuildPhase;
			buildActionMask = 2147483647;
			files = (
				7FB3B9D0243DD5CB00046CD6 /* fourColorUITests.swift in Sources */,
			);
			runOnlyForDeploymentPostprocessing = 0;
		};
/* End PBXSourcesBuildPhase section */

/* Begin PBXTargetDependency section */
		7FB3B9C2243DD5CB00046CD6 /* PBXTargetDependency */ = {
			isa = PBXTargetDependency;
			target = 7FB3B9A6243DD5C600046CD6 /* fourColor */;
			targetProxy = 7FB3B9C1243DD5CB00046CD6 /* PBXContainerItemProxy */;
		};
		7FB3B9CD243DD5CB00046CD6 /* PBXTargetDependency */ = {
			isa = PBXTargetDependency;
			target = 7FB3B9A6243DD5C600046CD6 /* fourColor */;
			targetProxy = 7FB3B9CC243DD5CB00046CD6 /* PBXContainerItemProxy */;
		};
/* End PBXTargetDependency section */

/* Begin PBXVariantGroup section */
		7FB3B9B8243DD5CB00046CD6 /* LaunchScreen.storyboard */ = {
			isa = PBXVariantGroup;
			children = (
				7FB3B9B9243DD5CB00046CD6 /* Base */,
			);
			name = LaunchScreen.storyboard;
			sourceTree = "<group>";
		};
/* End PBXVariantGroup section */

/* Begin XCBuildConfiguration section */
		7FB3B9D2243DD5CB00046CD6 /* Debug */ = {
			isa = XCBuildConfiguration;
			buildSettings = {
				ALWAYS_SEARCH_USER_PATHS = NO;
				CLANG_ANALYZER_NONNULL = YES;
				CLANG_ANALYZER_NUMBER_OBJECT_CONVERSION = YES_AGGRESSIVE;
				CLANG_CXX_LANGUAGE_STANDARD = "gnu++14";
				CLANG_CXX_LIBRARY = "libc++";
				CLANG_ENABLE_MODULES = YES;
				CLANG_ENABLE_OBJC_ARC = YES;
				CLANG_ENABLE_OBJC_WEAK = YES;
				CLANG_WARN_BLOCK_CAPTURE_AUTORELEASING = YES;
				CLANG_WARN_BOOL_CONVERSION = YES;
				CLANG_WARN_COMMA = YES;
				CLANG_WARN_CONSTANT_CONVERSION = YES;
				CLANG_WARN_DEPRECATED_OBJC_IMPLEMENTATIONS = YES;
				CLANG_WARN_DIRECT_OBJC_ISA_USAGE = YES_ERROR;
				CLANG_WARN_DOCUMENTATION_COMMENTS = YES;
				CLANG_WARN_EMPTY_BODY = YES;
				CLANG_WARN_ENUM_CONVERSION = YES;
				CLANG_WARN_INFINITE_RECURSION = YES;
				CLANG_WARN_INT_CONVERSION = YES;
				CLANG_WARN_NON_LITERAL_NULL_CONVERSION = YES;
				CLANG_WARN_OBJC_IMPLICIT_RETAIN_SELF = YES;
				CLANG_WARN_OBJC_LITERAL_CONVERSION = YES;
				CLANG_WARN_OBJC_ROOT_CLASS = YES_ERROR;
				CLANG_WARN_RANGE_LOOP_ANALYSIS = YES;
				CLANG_WARN_STRICT_PROTOTYPES = YES;
				CLANG_WARN_SUSPICIOUS_MOVE = YES;
				CLANG_WARN_UNGUARDED_AVAILABILITY = YES_AGGRESSIVE;
				CLANG_WARN_UNREACHABLE_CODE = YES;
				CLANG_WARN__DUPLICATE_METHOD_MATCH = YES;
				COPY_PHASE_STRIP = NO;
				DEBUG_INFORMATION_FORMAT = dwarf;
				ENABLE_STRICT_OBJC_MSGSEND = YES;
				ENABLE_TESTABILITY = YES;
				GCC_C_LANGUAGE_STANDARD = gnu11;
				GCC_DYNAMIC_NO_PIC = NO;
				GCC_NO_COMMON_BLOCKS = YES;
				GCC_OPTIMIZATION_LEVEL = 0;
				GCC_PREPROCESSOR_DEFINITIONS = (
					"DEBUG=1",
					"$(inherited)",
				);
				GCC_WARN_64_TO_32_BIT_CONVERSION = YES;
				GCC_WARN_ABOUT_RETURN_TYPE = YES_ERROR;
				GCC_WARN_UNDECLARED_SELECTOR = YES;
				GCC_WARN_UNINITIALIZED_AUTOS = YES_AGGRESSIVE;
				GCC_WARN_UNUSED_FUNCTION = YES;
				GCC_WARN_UNUSED_VARIABLE = YES;
				IPHONEOS_DEPLOYMENT_TARGET = 13.4;
				MTL_ENABLE_DEBUG_INFO = INCLUDE_SOURCE;
				MTL_FAST_MATH = YES;
				ONLY_ACTIVE_ARCH = YES;
				SDKROOT = iphoneos;
				SWIFT_ACTIVE_COMPILATION_CONDITIONS = DEBUG;
				SWIFT_OPTIMIZATION_LEVEL = "-Onone";
			};
			name = Debug;
		};
		7FB3B9D3243DD5CB00046CD6 /* Release */ = {
			isa = XCBuildConfiguration;
			buildSettings = {
				ALWAYS_SEARCH_USER_PATHS = NO;
				CLANG_ANALYZER_NONNULL = YES;
				CLANG_ANALYZER_NUMBER_OBJECT_CONVERSION = YES_AGGRESSIVE;
				CLANG_CXX_LANGUAGE_STANDARD = "gnu++14";
				CLANG_CXX_LIBRARY = "libc++";
				CLANG_ENABLE_MODULES = YES;
				CLANG_ENABLE_OBJC_ARC = YES;
				CLANG_ENABLE_OBJC_WEAK = YES;
				CLANG_WARN_BLOCK_CAPTURE_AUTORELEASING = YES;
				CLANG_WARN_BOOL_CONVERSION = YES;
				CLANG_WARN_COMMA = YES;
				CLANG_WARN_CONSTANT_CONVERSION = YES;
				CLANG_WARN_DEPRECATED_OBJC_IMPLEMENTATIONS = YES;
				CLANG_WARN_DIRECT_OBJC_ISA_USAGE = YES_ERROR;
				CLANG_WARN_DOCUMENTATION_COMMENTS = YES;
				CLANG_WARN_EMPTY_BODY = YES;
				CLANG_WARN_ENUM_CONVERSION = YES;
				CLANG_WARN_INFINITE_RECURSION = YES;
				CLANG_WARN_INT_CONVERSION = YES;
				CLANG_WARN_NON_LITERAL_NULL_CONVERSION = YES;
				CLANG_WARN_OBJC_IMPLICIT_RETAIN_SELF = YES;
				CLANG_WARN_OBJC_LITERAL_CONVERSION = YES;
				CLANG_WARN_OBJC_ROOT_CLASS = YES_ERROR;
				CLANG_WARN_RANGE_LOOP_ANALYSIS = YES;
				CLANG_WARN_STRICT_PROTOTYPES = YES;
				CLANG_WARN_SUSPICIOUS_MOVE = YES;
				CLANG_WARN_UNGUARDED_AVAILABILITY = YES_AGGRESSIVE;
				CLANG_WARN_UNREACHABLE_CODE = YES;
				CLANG_WARN__DUPLICATE_METHOD_MATCH = YES;
				COPY_PHASE_STRIP = NO;
				DEBUG_INFORMATION_FORMAT = "dwarf-with-dsym";
				ENABLE_NS_ASSERTIONS = NO;
				ENABLE_STRICT_OBJC_MSGSEND = YES;
				GCC_C_LANGUAGE_STANDARD = gnu11;
				GCC_NO_COMMON_BLOCKS = YES;
				GCC_WARN_64_TO_32_BIT_CONVERSION = YES;
				GCC_WARN_ABOUT_RETURN_TYPE = YES_ERROR;
				GCC_WARN_UNDECLARED_SELECTOR = YES;
				GCC_WARN_UNINITIALIZED_AUTOS = YES_AGGRESSIVE;
				GCC_WARN_UNUSED_FUNCTION = YES;
				GCC_WARN_UNUSED_VARIABLE = YES;
				IPHONEOS_DEPLOYMENT_TARGET = 13.4;
				MTL_ENABLE_DEBUG_INFO = NO;
				MTL_FAST_MATH = YES;
				SDKROOT = iphoneos;
				SWIFT_COMPILATION_MODE = wholemodule;
				SWIFT_OPTIMIZATION_LEVEL = "-O";
				VALIDATE_PRODUCT = YES;
			};
			name = Release;
		};
		7FB3B9D5243DD5CB00046CD6 /* Debug */ = {
			isa = XCBuildConfiguration;
			buildSettings = {
				ASSETCATALOG_COMPILER_APPICON_NAME = AppIcon;
				CODE_SIGN_STYLE = Automatic;
				DEVELOPMENT_ASSET_PATHS = "\"fourColor/Preview Content\"";
				DEVELOPMENT_TEAM = 8FB9F9Q783;
				ENABLE_PREVIEWS = YES;
				INFOPLIST_FILE = fourColor/Info.plist;
				LD_RUNPATH_SEARCH_PATHS = (
					"$(inherited)",
					"@executable_path/Frameworks",
				);
				PRODUCT_BUNDLE_IDENTIFIER = nataliawcislo.fourColor;
				PRODUCT_NAME = "$(TARGET_NAME)";
				SWIFT_VERSION = 5.0;
				TARGETED_DEVICE_FAMILY = "1,2";
			};
			name = Debug;
		};
		7FB3B9D6243DD5CB00046CD6 /* Release */ = {
			isa = XCBuildConfiguration;
			buildSettings = {
				ASSETCATALOG_COMPILER_APPICON_NAME = AppIcon;
				CODE_SIGN_STYLE = Automatic;
				DEVELOPMENT_ASSET_PATHS = "\"fourColor/Preview Content\"";
				DEVELOPMENT_TEAM = 8FB9F9Q783;
				ENABLE_PREVIEWS = YES;
				INFOPLIST_FILE = fourColor/Info.plist;
				LD_RUNPATH_SEARCH_PATHS = (
					"$(inherited)",
					"@executable_path/Frameworks",
				);
				PRODUCT_BUNDLE_IDENTIFIER = nataliawcislo.fourColor;
				PRODUCT_NAME = "$(TARGET_NAME)";
				SWIFT_VERSION = 5.0;
				TARGETED_DEVICE_FAMILY = "1,2";
			};
			name = Release;
		};
		7FB3B9D8243DD5CB00046CD6 /* Debug */ = {
			isa = XCBuildConfiguration;
			buildSettings = {
				ALWAYS_EMBED_SWIFT_STANDARD_LIBRARIES = YES;
				BUNDLE_LOADER = "$(TEST_HOST)";
				CODE_SIGN_STYLE = Automatic;
				DEVELOPMENT_TEAM = 8FB9F9Q783;
				INFOPLIST_FILE = fourColorTests/Info.plist;
				IPHONEOS_DEPLOYMENT_TARGET = 13.4;
				LD_RUNPATH_SEARCH_PATHS = (
					"$(inherited)",
					"@executable_path/Frameworks",
					"@loader_path/Frameworks",
				);
				PRODUCT_BUNDLE_IDENTIFIER = nataliawcislo.fourColorTests;
				PRODUCT_NAME = "$(TARGET_NAME)";
				SWIFT_VERSION = 5.0;
				TARGETED_DEVICE_FAMILY = "1,2";
				TEST_HOST = "$(BUILT_PRODUCTS_DIR)/fourColor.app/fourColor";
			};
			name = Debug;
		};
		7FB3B9D9243DD5CB00046CD6 /* Release */ = {
			isa = XCBuildConfiguration;
			buildSettings = {
				ALWAYS_EMBED_SWIFT_STANDARD_LIBRARIES = YES;
				BUNDLE_LOADER = "$(TEST_HOST)";
				CODE_SIGN_STYLE = Automatic;
				DEVELOPMENT_TEAM = 8FB9F9Q783;
				INFOPLIST_FILE = fourColorTests/Info.plist;
				IPHONEOS_DEPLOYMENT_TARGET = 13.4;
				LD_RUNPATH_SEARCH_PATHS = (
					"$(inherited)",
					"@executable_path/Frameworks",
					"@loader_path/Frameworks",
				);
				PRODUCT_BUNDLE_IDENTIFIER = nataliawcislo.fourColorTests;
				PRODUCT_NAME = "$(TARGET_NAME)";
				SWIFT_VERSION = 5.0;
				TARGETED_DEVICE_FAMILY = "1,2";
				TEST_HOST = "$(BUILT_PRODUCTS_DIR)/fourColor.app/fourColor";
			};
			name = Release;
		};
		7FB3B9DB243DD5CB00046CD6 /* Debug */ = {
			isa = XCBuildConfiguration;
			buildSettings = {
				ALWAYS_EMBED_SWIFT_STANDARD_LIBRARIES = YES;
				CODE_SIGN_STYLE = Automatic;
				DEVELOPMENT_TEAM = 8FB9F9Q783;
				INFOPLIST_FILE = fourColorUITests/Info.plist;
				LD_RUNPATH_SEARCH_PATHS = (
					"$(inherited)",
					"@executable_path/Frameworks",
					"@loader_path/Frameworks",
				);
				PRODUCT_BUNDLE_IDENTIFIER = nataliawcislo.fourColorUITests;
				PRODUCT_NAME = "$(TARGET_NAME)";
				SWIFT_VERSION = 5.0;
				TARGETED_DEVICE_FAMILY = "1,2";
				TEST_TARGET_NAME = fourColor;
			};
			name = Debug;
		};
		7FB3B9DC243DD5CB00046CD6 /* Release */ = {
			isa = XCBuildConfiguration;
			buildSettings = {
				ALWAYS_EMBED_SWIFT_STANDARD_LIBRARIES = YES;
				CODE_SIGN_STYLE = Automatic;
				DEVELOPMENT_TEAM = 8FB9F9Q783;
				INFOPLIST_FILE = fourColorUITests/Info.plist;
				LD_RUNPATH_SEARCH_PATHS = (
					"$(inherited)",
					"@executable_path/Frameworks",
					"@loader_path/Frameworks",
				);
				PRODUCT_BUNDLE_IDENTIFIER = nataliawcislo.fourColorUITests;
				PRODUCT_NAME = "$(TARGET_NAME)";
				SWIFT_VERSION = 5.0;
				TARGETED_DEVICE_FAMILY = "1,2";
				TEST_TARGET_NAME = fourColor;
			};
			name = Release;
		};
/* End XCBuildConfiguration section */

/* Begin XCConfigurationList section */
		7FB3B9A2243DD5C600046CD6 /* Build configuration list for PBXProject "fourColor" */ = {
			isa = XCConfigurationList;
			buildConfigurations = (
				7FB3B9D2243DD5CB00046CD6 /* Debug */,
				7FB3B9D3243DD5CB00046CD6 /* Release */,
			);
			defaultConfigurationIsVisible = 0;
			defaultConfigurationName = Release;
		};
		7FB3B9D4243DD5CB00046CD6 /* Build configuration list for PBXNativeTarget "fourColor" */ = {
			isa = XCConfigurationList;
			buildConfigurations = (
				7FB3B9D5243DD5CB00046CD6 /* Debug */,
				7FB3B9D6243DD5CB00046CD6 /* Release */,
			);
			defaultConfigurationIsVisible = 0;
			defaultConfigurationName = Release;
		};
		7FB3B9D7243DD5CB00046CD6 /* Build configuration list for PBXNativeTarget "fourColorTests" */ = {
			isa = XCConfigurationList;
			buildConfigurations = (
				7FB3B9D8243DD5CB00046CD6 /* Debug */,
				7FB3B9D9243DD5CB00046CD6 /* Release */,
			);
			defaultConfigurationIsVisible = 0;
			defaultConfigurationName = Release;
		};
		7FB3B9DA243DD5CB00046CD6 /* Build configuration list for PBXNativeTarget "fourColorUITests" */ = {
			isa = XCConfigurationList;
			buildConfigurations = (
				7FB3B9DB243DD5CB00046CD6 /* Debug */,
				7FB3B9DC243DD5CB00046CD6 /* Release */,
			);
			defaultConfigurationIsVisible = 0;
			defaultConfigurationName = Release;
		};
/* End XCConfigurationList section */

/* Begin XCVersionGroup section */
		7FB3B9AE243DD5C600046CD6 /* fourColor.xcdatamodeld */ = {
			isa = XCVersionGroup;
			children = (
				7FB3B9AF243DD5C600046CD6 /* fourColor.xcdatamodel */,
			);
			currentVersion = 7FB3B9AF243DD5C600046CD6 /* fourColor.xcdatamodel */;
			path = fourColor.xcdatamodeld;
			sourceTree = "<group>";
			versionGroupType = wrapper.xcdatamodel;
		};
/* End XCVersionGroup section */
	};
	rootObject = 7FB3B99F243DD5C600046CD6 /* Project object */;
}
